
Microsoft Visual Studio Solution File, Format Version 12.00
# Visual Studio 15
VisualStudioVersion = 15.0.35116.124
MinimumVisualStudioVersion = 10.0.40219.1
Project("{E24C65DC-7377-472B-9ABA-BC803B73C61A}") = "el_veh.asp", "el_veh.asp\", "{4FA4B32E-5694-465B-8BC5-003ACAAB87FF}"
	ProjectSection(WebsiteProperties) = preProject
		TargetFrameworkMoniker = ".NETFramework,Version%3Dv4.6.1"
		Debug.AspNetCompiler.VirtualPath = "/localhost_50555"
		Debug.AspNetCompiler.PhysicalPath = "el_veh.asp\"
		Debug.AspNetCompiler.TargetPath = "PrecompiledWeb\localhost_50555\"
		Debug.AspNetCompiler.Updateable = "true"
		Debug.AspNetCompiler.ForceOverwrite = "true"
		Debug.AspNetCompiler.FixedNames = "false"
		Debug.AspNetCompiler.Debug = "True"
		Release.AspNetCompiler.VirtualPath = "/localhost_50555"
		Release.AspNetCompiler.PhysicalPath = "el_veh.asp\"
		Release.AspNetCompiler.TargetPath = "PrecompiledWeb\localhost_50555\"
		Release.AspNetCompiler.Updateable = "true"
		Release.AspNetCompiler.ForceOverwrite = "true"
		Release.AspNetCompiler.FixedNames = "false"
		Release.AspNetCompiler.Debug = "False"
		VWDPort = "50555"
		SlnRelativePath = "el_veh.asp\"
		DefaultWebSiteLanguage = "Visual C#"
	EndProjectSection
EndProject
Global
	GlobalSection(SolutionConfigurationPlatforms) = preSolution
		Debug|Any CPU = Debug|Any CPU
	EndGlobalSection
	GlobalSection(ProjectConfigurationPlatforms) = postSolution
		{4FA4B32E-5694-465B-8BC5-003ACAAB87FF}.Debug|Any CPU.ActiveCfg = Debug|Any CPU
		{4FA4B32E-5694-465B-8BC5-003ACAAB87FF}.Debug|Any CPU.Build.0 = Debug|Any CPU
	EndGlobalSection
	GlobalSection(SolutionProperties) = preSolution
		HideSolutionNode = FALSE
	EndGlobalSection
	GlobalSection(ExtensibilityGlobals) = postSolution
		SolutionGuid = {EDC5F63F-C992-424F-A71C-816418C3F48C}
	EndGlobalSection
EndGlobal
